
Microsoft Visual Studio Solution File, Format Version 12.00
# Visual Studio Version 16
VisualStudioVersion = 16.0.810.18
MinimumVisualStudioVersion = 10.0.40219.1
Project("{FAE04EC0-301F-11D3-BF4B-00C04F79EFBC}") = "ArchiSteamFarm.CustomPlugins.Rin", "ArchiSteamFarm.CustomPlugins.Rin.csproj", "{B29BEA08-1767-4D40-AF50-FB75793585F9}"
EndProject
Project("{FAE04EC0-301F-11D3-BF4B-00C04F79EFBC}") = "ArchiSteamFarm", "..\ArchiSteamFarm\ArchiSteamFarm\ArchiSteamFarm.csproj", "{AA04C26C-1BAA-420A-9BE1-EF4E2334A907}"
EndProject
Global
	GlobalSection(SolutionConfigurationPlatforms) = preSolution
		Debug|Any CPU = Debug|Any CPU
		Release|Any CPU = Release|Any CPU
	EndGlobalSection
	GlobalSection(ProjectConfigurationPlatforms) = postSolution
		{B29BEA08-1767-4D40-AF50-FB75793585F9}.Debug|Any CPU.ActiveCfg = Debug|Any CPU
		{B29BEA08-1767-4D40-AF50-FB75793585F9}.Debug|Any CPU.Build.0 = Debug|Any CPU
		{B29BEA08-1767-4D40-AF50-FB75793585F9}.Release|Any CPU.ActiveCfg = Release|Any CPU
		{B29BEA08-1767-4D40-AF50-FB75793585F9}.Release|Any CPU.Build.0 = Release|Any CPU
		{AA04C26C-1BAA-420A-9BE1-EF4E2334A907}.Debug|Any CPU.ActiveCfg = Debug|Any CPU
		{AA04C26C-1BAA-420A-9BE1-EF4E2334A907}.Debug|Any CPU.Build.0 = Debug|Any CPU
		{AA04C26C-1BAA-420A-9BE1-EF4E2334A907}.Release|Any CPU.ActiveCfg = Release|Any CPU
		{AA04C26C-1BAA-420A-9BE1-EF4E2334A907}.Release|Any CPU.Build.0 = Release|Any CPU
	EndGlobalSection
	GlobalSection(SolutionProperties) = preSolution
		HideSolutionNode = FALSE
	EndGlobalSection
	GlobalSection(ExtensibilityGlobals) = postSolution
		SolutionGuid = {AEF59036-B134-4CC6-B3E1-93A12036DC92}
	EndGlobalSection
EndGlobal
